// !$*UTF8*$!
{
	archiveVersion = 1;
	classes = {
	};
	objectVersion = 56;
	objects = {

/* Begin PBXBuildFile section */
		6642E7D7291CC078000F3FA6 /* DashboardViewController.swift in Sources */ = {isa = PBXBuildFile; fileRef = 6642E7D6291CC078000F3FA6 /* DashboardViewController.swift */; };
		66DC16B329122890006D6C66 /* AppDelegate.swift in Sources */ = {isa = PBXBuildFile; fileRef = 66DC16B229122890006D6C66 /* AppDelegate.swift */; };
		66DC16B529122890006D6C66 /* SceneDelegate.swift in Sources */ = {isa = PBXBuildFile; fileRef = 66DC16B429122890006D6C66 /* SceneDelegate.swift */; };
		66DC16B729122890006D6C66 /* LoginViewController.swift in Sources */ = {isa = PBXBuildFile; fileRef = 66DC16B629122890006D6C66 /* LoginViewController.swift */; };
		66DC16BA29122890006D6C66 /* Main.storyboard in Resources */ = {isa = PBXBuildFile; fileRef = 66DC16B829122890006D6C66 /* Main.storyboard */; };
		66DC16BC29122890006D6C66 /* Assets.xcassets in Resources */ = {isa = PBXBuildFile; fileRef = 66DC16BB29122890006D6C66 /* Assets.xcassets */; };
		66DC16BF29122890006D6C66 /* LaunchScreen.storyboard in Resources */ = {isa = PBXBuildFile; fileRef = 66DC16BD29122890006D6C66 /* LaunchScreen.storyboard */; };
		66DC16CA29122891006D6C66 /* SpendrTests.swift in Sources */ = {isa = PBXBuildFile; fileRef = 66DC16C929122891006D6C66 /* SpendrTests.swift */; };
		66DC16D429122891006D6C66 /* SpendrUITests.swift in Sources */ = {isa = PBXBuildFile; fileRef = 66DC16D329122891006D6C66 /* SpendrUITests.swift */; };
		66DC16D629122891006D6C66 /* SpendrUITestsLaunchTests.swift in Sources */ = {isa = PBXBuildFile; fileRef = 66DC16D529122891006D6C66 /* SpendrUITestsLaunchTests.swift */; };
		6FC7A2B575948C0617B5A33A /* Pods_Spendr_SpendrUITests.framework in Frameworks */ = {isa = PBXBuildFile; fileRef = 2C1F89E5FA2D863F30A714C6 /* Pods_Spendr_SpendrUITests.framework */; };
		8004079DA851127D46EFFBE1 /* Pods_Spendr.framework in Frameworks */ = {isa = PBXBuildFile; fileRef = 128127FF8AD94EB3C264C25A /* Pods_Spendr.framework */; };
		B5F6E3A5344F04582981359B /* Pods_SpendrTests.framework in Frameworks */ = {isa = PBXBuildFile; fileRef = 7109FA97FD63AEF943C04CDD /* Pods_SpendrTests.framework */; };
/* End PBXBuildFile section */

/* Begin PBXContainerItemProxy section */
		66DC16C629122891006D6C66 /* PBXContainerItemProxy */ = {
			isa = PBXContainerItemProxy;
			containerPortal = 66DC16A729122890006D6C66 /* Project object */;
			proxyType = 1;
			remoteGlobalIDString = 66DC16AE29122890006D6C66;
			remoteInfo = Spendr;
		};
		66DC16D029122891006D6C66 /* PBXContainerItemProxy */ = {
			isa = PBXContainerItemProxy;
			containerPortal = 66DC16A729122890006D6C66 /* Project object */;
			proxyType = 1;
			remoteGlobalIDString = 66DC16AE29122890006D6C66;
			remoteInfo = Spendr;
		};
/* End PBXContainerItemProxy section */

/* Begin PBXFileReference section */
		0623DAF1EDDCBD5E1CCFA190 /* Pods-Spendr-SpendrUITests.release.xcconfig */ = {isa = PBXFileReference; includeInIndex = 1; lastKnownFileType = text.xcconfig; name = "Pods-Spendr-SpendrUITests.release.xcconfig"; path = "Target Support Files/Pods-Spendr-SpendrUITests/Pods-Spendr-SpendrUITests.release.xcconfig"; sourceTree = "<group>"; };
		10D5334C7046463E50B96A19 /* Pods-Spendr.release.xcconfig */ = {isa = PBXFileReference; includeInIndex = 1; lastKnownFileType = text.xcconfig; name = "Pods-Spendr.release.xcconfig"; path = "Target Support Files/Pods-Spendr/Pods-Spendr.release.xcconfig"; sourceTree = "<group>"; };
		128127FF8AD94EB3C264C25A /* Pods_Spendr.framework */ = {isa = PBXFileReference; explicitFileType = wrapper.framework; includeInIndex = 0; path = Pods_Spendr.framework; sourceTree = BUILT_PRODUCTS_DIR; };
		2A9CD2E2DA80A483BE62E0CC /* Pods-Spendr-SpendrUITests.debug.xcconfig */ = {isa = PBXFileReference; includeInIndex = 1; lastKnownFileType = text.xcconfig; name = "Pods-Spendr-SpendrUITests.debug.xcconfig"; path = "Target Support Files/Pods-Spendr-SpendrUITests/Pods-Spendr-SpendrUITests.debug.xcconfig"; sourceTree = "<group>"; };
		2C1F89E5FA2D863F30A714C6 /* Pods_Spendr_SpendrUITests.framework */ = {isa = PBXFileReference; explicitFileType = wrapper.framework; includeInIndex = 0; path = Pods_Spendr_SpendrUITests.framework; sourceTree = BUILT_PRODUCTS_DIR; };
		34EFE01115FD1170AD9E3AE8 /* Pods-Spendr.debug.xcconfig */ = {isa = PBXFileReference; includeInIndex = 1; lastKnownFileType = text.xcconfig; name = "Pods-Spendr.debug.xcconfig"; path = "Target Support Files/Pods-Spendr/Pods-Spendr.debug.xcconfig"; sourceTree = "<group>"; };
		39DFAAD03D5065868290B051 /* Pods-SpendrTests.release.xcconfig */ = {isa = PBXFileReference; includeInIndex = 1; lastKnownFileType = text.xcconfig; name = "Pods-SpendrTests.release.xcconfig"; path = "Target Support Files/Pods-SpendrTests/Pods-SpendrTests.release.xcconfig"; sourceTree = "<group>"; };
		6642E7D6291CC078000F3FA6 /* DashboardViewController.swift */ = {isa = PBXFileReference; lastKnownFileType = sourcecode.swift; path = DashboardViewController.swift; sourceTree = "<group>"; };
		66DC16AF29122890006D6C66 /* Spendr.app */ = {isa = PBXFileReference; explicitFileType = wrapper.application; includeInIndex = 0; path = Spendr.app; sourceTree = BUILT_PRODUCTS_DIR; };
		66DC16B229122890006D6C66 /* AppDelegate.swift */ = {isa = PBXFileReference; lastKnownFileType = sourcecode.swift; path = AppDelegate.swift; sourceTree = "<group>"; };
		66DC16B429122890006D6C66 /* SceneDelegate.swift */ = {isa = PBXFileReference; lastKnownFileType = sourcecode.swift; path = SceneDelegate.swift; sourceTree = "<group>"; };
		66DC16B629122890006D6C66 /* LoginViewController.swift */ = {isa = PBXFileReference; lastKnownFileType = sourcecode.swift; path = LoginViewController.swift; sourceTree = "<group>"; };
		66DC16B929122890006D6C66 /* Base */ = {isa = PBXFileReference; lastKnownFileType = file.storyboard; name = Base; path = Base.lproj/Main.storyboard; sourceTree = "<group>"; };
		66DC16BB29122890006D6C66 /* Assets.xcassets */ = {isa = PBXFileReference; lastKnownFileType = folder.assetcatalog; path = Assets.xcassets; sourceTree = "<group>"; };
		66DC16BE29122890006D6C66 /* Base */ = {isa = PBXFileReference; lastKnownFileType = file.storyboard; name = Base; path = Base.lproj/LaunchScreen.storyboard; sourceTree = "<group>"; };
		66DC16C029122890006D6C66 /* Info.plist */ = {isa = PBXFileReference; lastKnownFileType = text.plist.xml; path = Info.plist; sourceTree = "<group>"; };
		66DC16C529122891006D6C66 /* SpendrTests.xctest */ = {isa = PBXFileReference; explicitFileType = wrapper.cfbundle; includeInIndex = 0; path = SpendrTests.xctest; sourceTree = BUILT_PRODUCTS_DIR; };
		66DC16C929122891006D6C66 /* SpendrTests.swift */ = {isa = PBXFileReference; lastKnownFileType = sourcecode.swift; path = SpendrTests.swift; sourceTree = "<group>"; };
		66DC16CF29122891006D6C66 /* SpendrUITests.xctest */ = {isa = PBXFileReference; explicitFileType = wrapper.cfbundle; includeInIndex = 0; path = SpendrUITests.xctest; sourceTree = BUILT_PRODUCTS_DIR; };
		66DC16D329122891006D6C66 /* SpendrUITests.swift */ = {isa = PBXFileReference; lastKnownFileType = sourcecode.swift; path = SpendrUITests.swift; sourceTree = "<group>"; };
		66DC16D529122891006D6C66 /* SpendrUITestsLaunchTests.swift */ = {isa = PBXFileReference; lastKnownFileType = sourcecode.swift; path = SpendrUITestsLaunchTests.swift; sourceTree = "<group>"; };
		7109FA97FD63AEF943C04CDD /* Pods_SpendrTests.framework */ = {isa = PBXFileReference; explicitFileType = wrapper.framework; includeInIndex = 0; path = Pods_SpendrTests.framework; sourceTree = BUILT_PRODUCTS_DIR; };
		9CB1FDA13C559822525B4FE3 /* Pods-SpendrTests.debug.xcconfig */ = {isa = PBXFileReference; includeInIndex = 1; lastKnownFileType = text.xcconfig; name = "Pods-SpendrTests.debug.xcconfig"; path = "Target Support Files/Pods-SpendrTests/Pods-SpendrTests.debug.xcconfig"; sourceTree = "<group>"; };
/* End PBXFileReference section */

/* Begin PBXFrameworksBuildPhase section */
		66DC16AC29122890006D6C66 /* Frameworks */ = {
			isa = PBXFrameworksBuildPhase;
			buildActionMask = 2147483647;
			files = (
				8004079DA851127D46EFFBE1 /* Pods_Spendr.framework in Frameworks */,
			);
			runOnlyForDeploymentPostprocessing = 0;
		};
		66DC16C229122891006D6C66 /* Frameworks */ = {
			isa = PBXFrameworksBuildPhase;
			buildActionMask = 2147483647;
			files = (
				B5F6E3A5344F04582981359B /* Pods_SpendrTests.framework in Frameworks */,
			);
			runOnlyForDeploymentPostprocessing = 0;
		};
		66DC16CC29122891006D6C66 /* Frameworks */ = {
			isa = PBXFrameworksBuildPhase;
			buildActionMask = 2147483647;
			files = (
				6FC7A2B575948C0617B5A33A /* Pods_Spendr_SpendrUITests.framework in Frameworks */,
			);
			runOnlyForDeploymentPostprocessing = 0;
		};
/* End PBXFrameworksBuildPhase section */

/* Begin PBXGroup section */
		58473591A9286C4E5F224DA7 /* Frameworks */ = {
			isa = PBXGroup;
			children = (
				128127FF8AD94EB3C264C25A /* Pods_Spendr.framework */,
				2C1F89E5FA2D863F30A714C6 /* Pods_Spendr_SpendrUITests.framework */,
				7109FA97FD63AEF943C04CDD /* Pods_SpendrTests.framework */,
			);
			name = Frameworks;
			sourceTree = "<group>";
		};
		66DC16A629122890006D6C66 = {
			isa = PBXGroup;
			children = (
				66DC16B129122890006D6C66 /* Spendr */,
				66DC16C829122891006D6C66 /* SpendrTests */,
				66DC16D229122891006D6C66 /* SpendrUITests */,
				66DC16B029122890006D6C66 /* Products */,
				E3AEFFCCF609E20FEBADEA26 /* Pods */,
				58473591A9286C4E5F224DA7 /* Frameworks */,
			);
			sourceTree = "<group>";
		};
		66DC16B029122890006D6C66 /* Products */ = {
			isa = PBXGroup;
			children = (
				66DC16AF29122890006D6C66 /* Spendr.app */,
				66DC16C529122891006D6C66 /* SpendrTests.xctest */,
				66DC16CF29122891006D6C66 /* SpendrUITests.xctest */,
			);
			name = Products;
			sourceTree = "<group>";
		};
		66DC16B129122890006D6C66 /* Spendr */ = {
			isa = PBXGroup;
			children = (
				66DC16B229122890006D6C66 /* AppDelegate.swift */,
				66DC16B429122890006D6C66 /* SceneDelegate.swift */,
				66DC16B629122890006D6C66 /* LoginViewController.swift */,
				6642E7D6291CC078000F3FA6 /* DashboardViewController.swift */,
				66DC16B829122890006D6C66 /* Main.storyboard */,
				66DC16BB29122890006D6C66 /* Assets.xcassets */,
				66DC16BD29122890006D6C66 /* LaunchScreen.storyboard */,
				66DC16C029122890006D6C66 /* Info.plist */,
			);
			path = Spendr;
			sourceTree = "<group>";
		};
		66DC16C829122891006D6C66 /* SpendrTests */ = {
			isa = PBXGroup;
			children = (
				66DC16C929122891006D6C66 /* SpendrTests.swift */,
			);
			path = SpendrTests;
			sourceTree = "<group>";
		};
		66DC16D229122891006D6C66 /* SpendrUITests */ = {
			isa = PBXGroup;
			children = (
				66DC16D329122891006D6C66 /* SpendrUITests.swift */,
				66DC16D529122891006D6C66 /* SpendrUITestsLaunchTests.swift */,
			);
			path = SpendrUITests;
			sourceTree = "<group>";
		};
		E3AEFFCCF609E20FEBADEA26 /* Pods */ = {
			isa = PBXGroup;
			children = (
				34EFE01115FD1170AD9E3AE8 /* Pods-Spendr.debug.xcconfig */,
				10D5334C7046463E50B96A19 /* Pods-Spendr.release.xcconfig */,
				2A9CD2E2DA80A483BE62E0CC /* Pods-Spendr-SpendrUITests.debug.xcconfig */,
				0623DAF1EDDCBD5E1CCFA190 /* Pods-Spendr-SpendrUITests.release.xcconfig */,
				9CB1FDA13C559822525B4FE3 /* Pods-SpendrTests.debug.xcconfig */,
				39DFAAD03D5065868290B051 /* Pods-SpendrTests.release.xcconfig */,
			);
			path = Pods;
			sourceTree = "<group>";
		};
/* End PBXGroup section */

/* Begin PBXNativeTarget section */
		66DC16AE29122890006D6C66 /* Spendr */ = {
			isa = PBXNativeTarget;
			buildConfigurationList = 66DC16D929122891006D6C66 /* Build configuration list for PBXNativeTarget "Spendr" */;
			buildPhases = (
				92EBA6228D23922678498A56 /* [CP] Check Pods Manifest.lock */,
				66DC16AB29122890006D6C66 /* Sources */,
				66DC16AC29122890006D6C66 /* Frameworks */,
				66DC16AD29122890006D6C66 /* Resources */,
				250196807927123614036AD4 /* [CP] Embed Pods Frameworks */,
			);
			buildRules = (
			);
			dependencies = (
			);
			name = Spendr;
			productName = Spendr;
			productReference = 66DC16AF29122890006D6C66 /* Spendr.app */;
			productType = "com.apple.product-type.application";
		};
		66DC16C429122891006D6C66 /* SpendrTests */ = {
			isa = PBXNativeTarget;
			buildConfigurationList = 66DC16DC29122891006D6C66 /* Build configuration list for PBXNativeTarget "SpendrTests" */;
			buildPhases = (
				2E64F99A3BBF51944BBE9998 /* [CP] Check Pods Manifest.lock */,
				66DC16C129122891006D6C66 /* Sources */,
				66DC16C229122891006D6C66 /* Frameworks */,
				66DC16C329122891006D6C66 /* Resources */,
			);
			buildRules = (
			);
			dependencies = (
				66DC16C729122891006D6C66 /* PBXTargetDependency */,
			);
			name = SpendrTests;
			productName = SpendrTests;
			productReference = 66DC16C529122891006D6C66 /* SpendrTests.xctest */;
			productType = "com.apple.product-type.bundle.unit-test";
		};
		66DC16CE29122891006D6C66 /* SpendrUITests */ = {
			isa = PBXNativeTarget;
			buildConfigurationList = 66DC16DF29122891006D6C66 /* Build configuration list for PBXNativeTarget "SpendrUITests" */;
			buildPhases = (
				E5EB0F18D112193AE4702F8A /* [CP] Check Pods Manifest.lock */,
				66DC16CB29122891006D6C66 /* Sources */,
				66DC16CC29122891006D6C66 /* Frameworks */,
				66DC16CD29122891006D6C66 /* Resources */,
				22F4015094DC17ECA47E275B /* [CP] Embed Pods Frameworks */,
			);
			buildRules = (
			);
			dependencies = (
				66DC16D129122891006D6C66 /* PBXTargetDependency */,
			);
			name = SpendrUITests;
			productName = SpendrUITests;
			productReference = 66DC16CF29122891006D6C66 /* SpendrUITests.xctest */;
			productType = "com.apple.product-type.bundle.ui-testing";
		};
/* End PBXNativeTarget section */

/* Begin PBXProject section */
		66DC16A729122890006D6C66 /* Project object */ = {
			isa = PBXProject;
			attributes = {
				BuildIndependentTargetsInParallel = 1;
				LastSwiftUpdateCheck = 1400;
				LastUpgradeCheck = 1400;
				TargetAttributes = {
					66DC16AE29122890006D6C66 = {
						CreatedOnToolsVersion = 14.0.1;
					};
					66DC16C429122891006D6C66 = {
						CreatedOnToolsVersion = 14.0.1;
						TestTargetID = 66DC16AE29122890006D6C66;
					};
					66DC16CE29122891006D6C66 = {
						CreatedOnToolsVersion = 14.0.1;
						TestTargetID = 66DC16AE29122890006D6C66;
					};
				};
			};
			buildConfigurationList = 66DC16AA29122890006D6C66 /* Build configuration list for PBXProject "Spendr" */;
			compatibilityVersion = "Xcode 14.0";
			developmentRegion = en;
			hasScannedForEncodings = 0;
			knownRegions = (
				en,
				Base,
			);
			mainGroup = 66DC16A629122890006D6C66;
			productRefGroup = 66DC16B029122890006D6C66 /* Products */;
			projectDirPath = "";
			projectRoot = "";
			targets = (
				66DC16AE29122890006D6C66 /* Spendr */,
				66DC16C429122891006D6C66 /* SpendrTests */,
				66DC16CE29122891006D6C66 /* SpendrUITests */,
			);
		};
/* End PBXProject section */

/* Begin PBXResourcesBuildPhase section */
		66DC16AD29122890006D6C66 /* Resources */ = {
			isa = PBXResourcesBuildPhase;
			buildActionMask = 2147483647;
			files = (
				66DC16BF29122890006D6C66 /* LaunchScreen.storyboard in Resources */,
				66DC16BC29122890006D6C66 /* Assets.xcassets in Resources */,
				66DC16BA29122890006D6C66 /* Main.storyboard in Resources */,
			);
			runOnlyForDeploymentPostprocessing = 0;
		};
		66DC16C329122891006D6C66 /* Resources */ = {
			isa = PBXResourcesBuildPhase;
			buildActionMask = 2147483647;
			files = (
			);
			runOnlyForDeploymentPostprocessing = 0;
		};
		66DC16CD29122891006D6C66 /* Resources */ = {
			isa = PBXResourcesBuildPhase;
			buildActionMask = 2147483647;
			files = (
			);
			runOnlyForDeploymentPostprocessing = 0;
		};
/* End PBXResourcesBuildPhase section */

/* Begin PBXShellScriptBuildPhase section */
		22F4015094DC17ECA47E275B /* [CP] Embed Pods Frameworks */ = {
			isa = PBXShellScriptBuildPhase;
			buildActionMask = 2147483647;
			files = (
			);
			inputFileListPaths = (
				"${PODS_ROOT}/Target Support Files/Pods-Spendr-SpendrUITests/Pods-Spendr-SpendrUITests-frameworks-${CONFIGURATION}-input-files.xcfilelist",
			);
			name = "[CP] Embed Pods Frameworks";
			outputFileListPaths = (
				"${PODS_ROOT}/Target Support Files/Pods-Spendr-SpendrUITests/Pods-Spendr-SpendrUITests-frameworks-${CONFIGURATION}-output-files.xcfilelist",
			);
			runOnlyForDeploymentPostprocessing = 0;
			shellPath = /bin/sh;
			shellScript = "\"${PODS_ROOT}/Target Support Files/Pods-Spendr-SpendrUITests/Pods-Spendr-SpendrUITests-frameworks.sh\"\n";
			showEnvVarsInLog = 0;
		};
		250196807927123614036AD4 /* [CP] Embed Pods Frameworks */ = {
			isa = PBXShellScriptBuildPhase;
			buildActionMask = 2147483647;
			files = (
			);
			inputFileListPaths = (
				"${PODS_ROOT}/Target Support Files/Pods-Spendr/Pods-Spendr-frameworks-${CONFIGURATION}-input-files.xcfilelist",
			);
			name = "[CP] Embed Pods Frameworks";
			outputFileListPaths = (
				"${PODS_ROOT}/Target Support Files/Pods-Spendr/Pods-Spendr-frameworks-${CONFIGURATION}-output-files.xcfilelist",
			);
			runOnlyForDeploymentPostprocessing = 0;
			shellPath = /bin/sh;
			shellScript = "\"${PODS_ROOT}/Target Support Files/Pods-Spendr/Pods-Spendr-frameworks.sh\"\n";
			showEnvVarsInLog = 0;
		};
		2E64F99A3BBF51944BBE9998 /* [CP] Check Pods Manifest.lock */ = {
			isa = PBXShellScriptBuildPhase;
			buildActionMask = 2147483647;
			files = (
			);
			inputFileListPaths = (
			);
			inputPaths = (
				"${PODS_PODFILE_DIR_PATH}/Podfile.lock",
				"${PODS_ROOT}/Manifest.lock",
			);
			name = "[CP] Check Pods Manifest.lock";
			outputFileListPaths = (
			);
			outputPaths = (
				"$(DERIVED_FILE_DIR)/Pods-SpendrTests-checkManifestLockResult.txt",
			);
			runOnlyForDeploymentPostprocessing = 0;
			shellPath = /bin/sh;
			shellScript = "diff \"${PODS_PODFILE_DIR_PATH}/Podfile.lock\" \"${PODS_ROOT}/Manifest.lock\" > /dev/null\nif [ $? != 0 ] ; then\n    # print error to STDERR\n    echo \"error: The sandbox is not in sync with the Podfile.lock. Run 'pod install' or update your CocoaPods installation.\" >&2\n    exit 1\nfi\n# This output is used by Xcode 'outputs' to avoid re-running this script phase.\necho \"SUCCESS\" > \"${SCRIPT_OUTPUT_FILE_0}\"\n";
			showEnvVarsInLog = 0;
		};
		92EBA6228D23922678498A56 /* [CP] Check Pods Manifest.lock */ = {
			isa = PBXShellScriptBuildPhase;
			buildActionMask = 2147483647;
			files = (
			);
			inputFileListPaths = (
			);
			inputPaths = (
				"${PODS_PODFILE_DIR_PATH}/Podfile.lock",
				"${PODS_ROOT}/Manifest.lock",
			);
			name = "[CP] Check Pods Manifest.lock";
			outputFileListPaths = (
			);
			outputPaths = (
				"$(DERIVED_FILE_DIR)/Pods-Spendr-checkManifestLockResult.txt",
			);
			runOnlyForDeploymentPostprocessing = 0;
			shellPath = /bin/sh;
			shellScript = "diff \"${PODS_PODFILE_DIR_PATH}/Podfile.lock\" \"${PODS_ROOT}/Manifest.lock\" > /dev/null\nif [ $? != 0 ] ; then\n    # print error to STDERR\n    echo \"error: The sandbox is not in sync with the Podfile.lock. Run 'pod install' or update your CocoaPods installation.\" >&2\n    exit 1\nfi\n# This output is used by Xcode 'outputs' to avoid re-running this script phase.\necho \"SUCCESS\" > \"${SCRIPT_OUTPUT_FILE_0}\"\n";
			showEnvVarsInLog = 0;
		};
		E5EB0F18D112193AE4702F8A /* [CP] Check Pods Manifest.lock */ = {
			isa = PBXShellScriptBuildPhase;
			buildActionMask = 2147483647;
			files = (
			);
			inputFileListPaths = (
			);
			inputPaths = (
				"${PODS_PODFILE_DIR_PATH}/Podfile.lock",
				"${PODS_ROOT}/Manifest.lock",
			);
			name = "[CP] Check Pods Manifest.lock";
			outputFileListPaths = (
			);
			outputPaths = (
				"$(DERIVED_FILE_DIR)/Pods-Spendr-SpendrUITests-checkManifestLockResult.txt",
			);
			runOnlyForDeploymentPostprocessing = 0;
			shellPath = /bin/sh;
			shellScript = "diff \"${PODS_PODFILE_DIR_PATH}/Podfile.lock\" \"${PODS_ROOT}/Manifest.lock\" > /dev/null\nif [ $? != 0 ] ; then\n    # print error to STDERR\n    echo \"error: The sandbox is not in sync with the Podfile.lock. Run 'pod install' or update your CocoaPods installation.\" >&2\n    exit 1\nfi\n# This output is used by Xcode 'outputs' to avoid re-running this script phase.\necho \"SUCCESS\" > \"${SCRIPT_OUTPUT_FILE_0}\"\n";
			showEnvVarsInLog = 0;
		};
/* End PBXShellScriptBuildPhase section */

/* Begin PBXSourcesBuildPhase section */
		66DC16AB29122890006D6C66 /* Sources */ = {
			isa = PBXSourcesBuildPhase;
			buildActionMask = 2147483647;
			files = (
				66DC16B729122890006D6C66 /* LoginViewController.swift in Sources */,
				66DC16B329122890006D6C66 /* AppDelegate.swift in Sources */,
				66DC16B529122890006D6C66 /* SceneDelegate.swift in Sources */,
				6642E7D7291CC078000F3FA6 /* DashboardViewController.swift in Sources */,
			);
			runOnlyForDeploymentPostprocessing = 0;
		};
		66DC16C129122891006D6C66 /* Sources */ = {
			isa = PBXSourcesBuildPhase;
			buildActionMask = 2147483647;
			files = (
				66DC16CA29122891006D6C66 /* SpendrTests.swift in Sources */,
			);
			runOnlyForDeploymentPostprocessing = 0;
		};
		66DC16CB29122891006D6C66 /* Sources */ = {
			isa = PBXSourcesBuildPhase;
			buildActionMask = 2147483647;
			files = (
				66DC16D629122891006D6C66 /* SpendrUITestsLaunchTests.swift in Sources */,
				66DC16D429122891006D6C66 /* SpendrUITests.swift in Sources */,
			);
			runOnlyForDeploymentPostprocessing = 0;
		};
/* End PBXSourcesBuildPhase section */

/* Begin PBXTargetDependency section */
		66DC16C729122891006D6C66 /* PBXTargetDependency */ = {
			isa = PBXTargetDependency;
			target = 66DC16AE29122890006D6C66 /* Spendr */;
			targetProxy = 66DC16C629122891006D6C66 /* PBXContainerItemProxy */;
		};
		66DC16D129122891006D6C66 /* PBXTargetDependency */ = {
			isa = PBXTargetDependency;
			target = 66DC16AE29122890006D6C66 /* Spendr */;
			targetProxy = 66DC16D029122891006D6C66 /* PBXContainerItemProxy */;
		};
/* End PBXTargetDependency section */

/* Begin PBXVariantGroup section */
		66DC16B829122890006D6C66 /* Main.storyboard */ = {
			isa = PBXVariantGroup;
			children = (
				66DC16B929122890006D6C66 /* Base */,
			);
			name = Main.storyboard;
			sourceTree = "<group>";
		};
		66DC16BD29122890006D6C66 /* LaunchScreen.storyboard */ = {
			isa = PBXVariantGroup;
			children = (
				66DC16BE29122890006D6C66 /* Base */,
			);
			name = LaunchScreen.storyboard;
			sourceTree = "<group>";
		};
/* End PBXVariantGroup section */

/* Begin XCBuildConfiguration section */
		66DC16D729122891006D6C66 /* Debug */ = {
			isa = XCBuildConfiguration;
			buildSettings = {
				ALWAYS_SEARCH_USER_PATHS = NO;
				CLANG_ANALYZER_NONNULL = YES;
				CLANG_ANALYZER_NUMBER_OBJECT_CONVERSION = YES_AGGRESSIVE;
				CLANG_CXX_LANGUAGE_STANDARD = "gnu++20";
				CLANG_ENABLE_MODULES = YES;
				CLANG_ENABLE_OBJC_ARC = YES;
				CLANG_ENABLE_OBJC_WEAK = YES;
				CLANG_WARN_BLOCK_CAPTURE_AUTORELEASING = YES;
				CLANG_WARN_BOOL_CONVERSION = YES;
				CLANG_WARN_COMMA = YES;
				CLANG_WARN_CONSTANT_CONVERSION = YES;
				CLANG_WARN_DEPRECATED_OBJC_IMPLEMENTATIONS = YES;
				CLANG_WARN_DIRECT_OBJC_ISA_USAGE = YES_ERROR;
				CLANG_WARN_DOCUMENTATION_COMMENTS = YES;
				CLANG_WARN_EMPTY_BODY = YES;
				CLANG_WARN_ENUM_CONVERSION = YES;
				CLANG_WARN_INFINITE_RECURSION = YES;
				CLANG_WARN_INT_CONVERSION = YES;
				CLANG_WARN_NON_LITERAL_NULL_CONVERSION = YES;
				CLANG_WARN_OBJC_IMPLICIT_RETAIN_SELF = YES;
				CLANG_WARN_OBJC_LITERAL_CONVERSION = YES;
				CLANG_WARN_OBJC_ROOT_CLASS = YES_ERROR;
				CLANG_WARN_QUOTED_INCLUDE_IN_FRAMEWORK_HEADER = YES;
				CLANG_WARN_RANGE_LOOP_ANALYSIS = YES;
				CLANG_WARN_STRICT_PROTOTYPES = YES;
				CLANG_WARN_SUSPICIOUS_MOVE = YES;
				CLANG_WARN_UNGUARDED_AVAILABILITY = YES_AGGRESSIVE;
				CLANG_WARN_UNREACHABLE_CODE = YES;
				CLANG_WARN__DUPLICATE_METHOD_MATCH = YES;
				COPY_PHASE_STRIP = NO;
				DEBUG_INFORMATION_FORMAT = dwarf;
				ENABLE_STRICT_OBJC_MSGSEND = YES;
				ENABLE_TESTABILITY = YES;
				GCC_C_LANGUAGE_STANDARD = gnu11;
				GCC_DYNAMIC_NO_PIC = NO;
				GCC_NO_COMMON_BLOCKS = YES;
				GCC_OPTIMIZATION_LEVEL = 0;
				GCC_PREPROCESSOR_DEFINITIONS = (
					"DEBUG=1",
					"$(inherited)",
				);
				GCC_WARN_64_TO_32_BIT_CONVERSION = YES;
				GCC_WARN_ABOUT_RETURN_TYPE = YES_ERROR;
				GCC_WARN_UNDECLARED_SELECTOR = YES;
				GCC_WARN_UNINITIALIZED_AUTOS = YES_AGGRESSIVE;
				GCC_WARN_UNUSED_FUNCTION = YES;
				GCC_WARN_UNUSED_VARIABLE = YES;
				IPHONEOS_DEPLOYMENT_TARGET = 16.0;
				MTL_ENABLE_DEBUG_INFO = INCLUDE_SOURCE;
				MTL_FAST_MATH = YES;
				ONLY_ACTIVE_ARCH = YES;
				SDKROOT = iphoneos;
				SWIFT_ACTIVE_COMPILATION_CONDITIONS = DEBUG;
				SWIFT_OPTIMIZATION_LEVEL = "-Onone";
			};
			name = Debug;
		};
		66DC16D829122891006D6C66 /* Release */ = {
			isa = XCBuildConfiguration;
			buildSettings = {
				ALWAYS_SEARCH_USER_PATHS = NO;
				CLANG_ANALYZER_NONNULL = YES;
				CLANG_ANALYZER_NUMBER_OBJECT_CONVERSION = YES_AGGRESSIVE;
				CLANG_CXX_LANGUAGE_STANDARD = "gnu++20";
				CLANG_ENABLE_MODULES = YES;
				CLANG_ENABLE_OBJC_ARC = YES;
				CLANG_ENABLE_OBJC_WEAK = YES;
				CLANG_WARN_BLOCK_CAPTURE_AUTORELEASING = YES;
				CLANG_WARN_BOOL_CONVERSION = YES;
				CLANG_WARN_COMMA = YES;
				CLANG_WARN_CONSTANT_CONVERSION = YES;
				CLANG_WARN_DEPRECATED_OBJC_IMPLEMENTATIONS = YES;
				CLANG_WARN_DIRECT_OBJC_ISA_USAGE = YES_ERROR;
				CLANG_WARN_DOCUMENTATION_COMMENTS = YES;
				CLANG_WARN_EMPTY_BODY = YES;
				CLANG_WARN_ENUM_CONVERSION = YES;
				CLANG_WARN_INFINITE_RECURSION = YES;
				CLANG_WARN_INT_CONVERSION = YES;
				CLANG_WARN_NON_LITERAL_NULL_CONVERSION = YES;
				CLANG_WARN_OBJC_IMPLICIT_RETAIN_SELF = YES;
				CLANG_WARN_OBJC_LITERAL_CONVERSION = YES;
				CLANG_WARN_OBJC_ROOT_CLASS = YES_ERROR;
				CLANG_WARN_QUOTED_INCLUDE_IN_FRAMEWORK_HEADER = YES;
				CLANG_WARN_RANGE_LOOP_ANALYSIS = YES;
				CLANG_WARN_STRICT_PROTOTYPES = YES;
				CLANG_WARN_SUSPICIOUS_MOVE = YES;
				CLANG_WARN_UNGUARDED_AVAILABILITY = YES_AGGRESSIVE;
				CLANG_WARN_UNREACHABLE_CODE = YES;
				CLANG_WARN__DUPLICATE_METHOD_MATCH = YES;
				COPY_PHASE_STRIP = NO;
				DEBUG_INFORMATION_FORMAT = "dwarf-with-dsym";
				ENABLE_NS_ASSERTIONS = NO;
				ENABLE_STRICT_OBJC_MSGSEND = YES;
				GCC_C_LANGUAGE_STANDARD = gnu11;
				GCC_NO_COMMON_BLOCKS = YES;
				GCC_WARN_64_TO_32_BIT_CONVERSION = YES;
				GCC_WARN_ABOUT_RETURN_TYPE = YES_ERROR;
				GCC_WARN_UNDECLARED_SELECTOR = YES;
				GCC_WARN_UNINITIALIZED_AUTOS = YES_AGGRESSIVE;
				GCC_WARN_UNUSED_FUNCTION = YES;
				GCC_WARN_UNUSED_VARIABLE = YES;
				IPHONEOS_DEPLOYMENT_TARGET = 16.0;
				MTL_ENABLE_DEBUG_INFO = NO;
				MTL_FAST_MATH = YES;
				SDKROOT = iphoneos;
				SWIFT_COMPILATION_MODE = wholemodule;
				SWIFT_OPTIMIZATION_LEVEL = "-O";
				VALIDATE_PRODUCT = YES;
			};
			name = Release;
		};
		66DC16DA29122891006D6C66 /* Debug */ = {
			isa = XCBuildConfiguration;
			baseConfigurationReference = 34EFE01115FD1170AD9E3AE8 /* Pods-Spendr.debug.xcconfig */;
			buildSettings = {
				ASSETCATALOG_COMPILER_APPICON_NAME = AppIcon;
				ASSETCATALOG_COMPILER_GLOBAL_ACCENT_COLOR_NAME = AccentColor;
				CODE_SIGN_STYLE = Automatic;
				CURRENT_PROJECT_VERSION = 1;
				GENERATE_INFOPLIST_FILE = YES;
				INFOPLIST_FILE = Spendr/Info.plist;
				INFOPLIST_KEY_UIApplicationSupportsIndirectInputEvents = YES;
				INFOPLIST_KEY_UILaunchStoryboardName = LaunchScreen;
				INFOPLIST_KEY_UIMainStoryboardFile = Main;
				INFOPLIST_KEY_UISupportedInterfaceOrientations_iPad = "UIInterfaceOrientationPortrait UIInterfaceOrientationPortraitUpsideDown UIInterfaceOrientationLandscapeLeft UIInterfaceOrientationLandscapeRight";
				INFOPLIST_KEY_UISupportedInterfaceOrientations_iPhone = "UIInterfaceOrientationPortrait UIInterfaceOrientationLandscapeLeft UIInterfaceOrientationLandscapeRight";
				LD_RUNPATH_SEARCH_PATHS = (
					"$(inherited)",
					"@executable_path/Frameworks",
				);
				MARKETING_VERSION = 1.0;
				PRODUCT_BUNDLE_IDENTIFIER = com.mmg.Spendr;
				PRODUCT_NAME = "$(TARGET_NAME)";
				SWIFT_EMIT_LOC_STRINGS = YES;
				SWIFT_VERSION = 5.0;
				TARGETED_DEVICE_FAMILY = "1,2";
			};
			name = Debug;
		};
		66DC16DB29122891006D6C66 /* Release */ = {
			isa = XCBuildConfiguration;
			baseConfigurationReference = 10D5334C7046463E50B96A19 /* Pods-Spendr.release.xcconfig */;
			buildSettings = {
				ASSETCATALOG_COMPILER_APPICON_NAME = AppIcon;
				ASSETCATALOG_COMPILER_GLOBAL_ACCENT_COLOR_NAME = AccentColor;
				CODE_SIGN_STYLE = Automatic;
				CURRENT_PROJECT_VERSION = 1;
				GENERATE_INFOPLIST_FILE = YES;
				INFOPLIST_FILE = Spendr/Info.plist;
				INFOPLIST_KEY_UIApplicationSupportsIndirectInputEvents = YES;
				INFOPLIST_KEY_UILaunchStoryboardName = LaunchScreen;
				INFOPLIST_KEY_UIMainStoryboardFile = Main;
				INFOPLIST_KEY_UISupportedInterfaceOrientations_iPad = "UIInterfaceOrientationPortrait UIInterfaceOrientationPortraitUpsideDown UIInterfaceOrientationLandscapeLeft UIInterfaceOrientationLandscapeRight";
				INFOPLIST_KEY_UISupportedInterfaceOrientations_iPhone = "UIInterfaceOrientationPortrait UIInterfaceOrientationLandscapeLeft UIInterfaceOrientationLandscapeRight";
				LD_RUNPATH_SEARCH_PATHS = (
					"$(inherited)",
					"@executable_path/Frameworks",
				);
				MARKETING_VERSION = 1.0;
				PRODUCT_BUNDLE_IDENTIFIER = com.mmg.Spendr;
				PRODUCT_NAME = "$(TARGET_NAME)";
				SWIFT_EMIT_LOC_STRINGS = YES;
				SWIFT_VERSION = 5.0;
				TARGETED_DEVICE_FAMILY = "1,2";
			};
			name = Release;
		};
		66DC16DD29122891006D6C66 /* Debug */ = {
			isa = XCBuildConfiguration;
			baseConfigurationReference = 9CB1FDA13C559822525B4FE3 /* Pods-SpendrTests.debug.xcconfig */;
			buildSettings = {
				ALWAYS_EMBED_SWIFT_STANDARD_LIBRARIES = YES;
				BUNDLE_LOADER = "$(TEST_HOST)";
				CODE_SIGN_STYLE = Automatic;
				CURRENT_PROJECT_VERSION = 1;
				GENERATE_INFOPLIST_FILE = YES;
				IPHONEOS_DEPLOYMENT_TARGET = 16.0;
				MARKETING_VERSION = 1.0;
				PRODUCT_BUNDLE_IDENTIFIER = com.mmg.SpendrTests;
				PRODUCT_NAME = "$(TARGET_NAME)";
				SWIFT_EMIT_LOC_STRINGS = NO;
				SWIFT_VERSION = 5.0;
				TARGETED_DEVICE_FAMILY = "1,2";
				TEST_HOST = "$(BUILT_PRODUCTS_DIR)/Spendr.app/$(BUNDLE_EXECUTABLE_FOLDER_PATH)/Spendr";
			};
			name = Debug;
		};
		66DC16DE29122891006D6C66 /* Release */ = {
			isa = XCBuildConfiguration;
			baseConfigurationReference = 39DFAAD03D5065868290B051 /* Pods-SpendrTests.release.xcconfig */;
			buildSettings = {
				ALWAYS_EMBED_SWIFT_STANDARD_LIBRARIES = YES;
				BUNDLE_LOADER = "$(TEST_HOST)";
				CODE_SIGN_STYLE = Automatic;
				CURRENT_PROJECT_VERSION = 1;
				GENERATE_INFOPLIST_FILE = YES;
				IPHONEOS_DEPLOYMENT_TARGET = 16.0;
				MARKETING_VERSION = 1.0;
				PRODUCT_BUNDLE_IDENTIFIER = com.mmg.SpendrTests;
				PRODUCT_NAME = "$(TARGET_NAME)";
				SWIFT_EMIT_LOC_STRINGS = NO;
				SWIFT_VERSION = 5.0;
				TARGETED_DEVICE_FAMILY = "1,2";
				TEST_HOST = "$(BUILT_PRODUCTS_DIR)/Spendr.app/$(BUNDLE_EXECUTABLE_FOLDER_PATH)/Spendr";
			};
			name = Release;
		};
		66DC16E029122891006D6C66 /* Debug */ = {
			isa = XCBuildConfiguration;
			baseConfigurationReference = 2A9CD2E2DA80A483BE62E0CC /* Pods-Spendr-SpendrUITests.debug.xcconfig */;
			buildSettings = {
				ALWAYS_EMBED_SWIFT_STANDARD_LIBRARIES = YES;
				CODE_SIGN_STYLE = Automatic;
				CURRENT_PROJECT_VERSION = 1;
				GENERATE_INFOPLIST_FILE = YES;
				MARKETING_VERSION = 1.0;
				PRODUCT_BUNDLE_IDENTIFIER = com.mmg.SpendrUITests;
				PRODUCT_NAME = "$(TARGET_NAME)";
				SWIFT_EMIT_LOC_STRINGS = NO;
				SWIFT_VERSION = 5.0;
				TARGETED_DEVICE_FAMILY = "1,2";
				TEST_TARGET_NAME = Spendr;
			};
			name = Debug;
		};
		66DC16E129122891006D6C66 /* Release */ = {
			isa = XCBuildConfiguration;
			baseConfigurationReference = 0623DAF1EDDCBD5E1CCFA190 /* Pods-Spendr-SpendrUITests.release.xcconfig */;
			buildSettings = {
				ALWAYS_EMBED_SWIFT_STANDARD_LIBRARIES = YES;
				CODE_SIGN_STYLE = Automatic;
				CURRENT_PROJECT_VERSION = 1;
				GENERATE_INFOPLIST_FILE = YES;
				MARKETING_VERSION = 1.0;
				PRODUCT_BUNDLE_IDENTIFIER = com.mmg.SpendrUITests;
				PRODUCT_NAME = "$(TARGET_NAME)";
				SWIFT_EMIT_LOC_STRINGS = NO;
				SWIFT_VERSION = 5.0;
				TARGETED_DEVICE_FAMILY = "1,2";
				TEST_TARGET_NAME = Spendr;
			};
			name = Release;
		};
/* End XCBuildConfiguration section */

/* Begin XCConfigurationList section */
		66DC16AA29122890006D6C66 /* Build configuration list for PBXProject "Spendr" */ = {
			isa = XCConfigurationList;
			buildConfigurations = (
				66DC16D729122891006D6C66 /* Debug */,
				66DC16D829122891006D6C66 /* Release */,
			);
			defaultConfigurationIsVisible = 0;
			defaultConfigurationName = Release;
		};
		66DC16D929122891006D6C66 /* Build configuration list for PBXNativeTarget "Spendr" */ = {
			isa = XCConfigurationList;
			buildConfigurations = (
				66DC16DA29122891006D6C66 /* Debug */,
				66DC16DB29122891006D6C66 /* Release */,
			);
			defaultConfigurationIsVisible = 0;
			defaultConfigurationName = Release;
		};
		66DC16DC29122891006D6C66 /* Build configuration list for PBXNativeTarget "SpendrTests" */ = {
			isa = XCConfigurationList;
			buildConfigurations = (
				66DC16DD29122891006D6C66 /* Debug */,
				66DC16DE29122891006D6C66 /* Release */,
			);
			defaultConfigurationIsVisible = 0;
			defaultConfigurationName = Release;
		};
		66DC16DF29122891006D6C66 /* Build configuration list for PBXNativeTarget "SpendrUITests" */ = {
			isa = XCConfigurationList;
			buildConfigurations = (
				66DC16E029122891006D6C66 /* Debug */,
				66DC16E129122891006D6C66 /* Release */,
			);
			defaultConfigurationIsVisible = 0;
			defaultConfigurationName = Release;
		};
/* End XCConfigurationList section */
	};
	rootObject = 66DC16A729122890006D6C66 /* Project object */;
}
